
Microsoft Visual Studio Solution File, Format Version 12.00
# Visual Studio Version 16
VisualStudioVersion = 16.0.30104.148
MinimumVisualStudioVersion = 10.0.40219.1
Project("{FAE04EC0-301F-11D3-BF4B-00C04F79EFBC}") = "FactoryMethodPatternCoreMvc_Demo", "FactoryMethodPatternCoreMvc_Demo\FactoryMethodPatternCoreMvc_Demo.csproj", "{1503A545-23D4-4200-BCC3-FA25273A7169}"
EndProject
Global
	GlobalSection(SolutionConfigurationPlatforms) = preSolution
		Debug|Any CPU = Debug|Any CPU
		Release|Any CPU = Release|Any CPU
	EndGlobalSection
	GlobalSection(ProjectConfigurationPlatforms) = postSolution
		{1503A545-23D4-4200-BCC3-FA25273A7169}.Debug|Any CPU.ActiveCfg = Debug|Any CPU
		{1503A545-23D4-4200-BCC3-FA25273A7169}.Debug|Any CPU.Build.0 = Debug|Any CPU
		{1503A545-23D4-4200-BCC3-FA25273A7169}.Release|Any CPU.ActiveCfg = Release|Any CPU
		{1503A545-23D4-4200-BCC3-FA25273A7169}.Release|Any CPU.Build.0 = Release|Any CPU
	EndGlobalSection
	GlobalSection(SolutionProperties) = preSolution
		HideSolutionNode = FALSE
	EndGlobalSection
	GlobalSection(ExtensibilityGlobals) = postSolution
		SolutionGuid = {1596661D-EC1D-419A-A39A-41900A48383D}
	EndGlobalSection
EndGlobal
